
Microsoft Visual Studio Solution File, Format Version 12.00
# Visual Studio 15
VisualStudioVersion = 15.0.27428.2011
MinimumVisualStudioVersion = 10.0.40219.1
Project("{8BC9CEB8-8B4A-11D0-8D11-00A0C91BC942}") = "work8_15迷宫", "work8_15迷宫\work8_15迷宫.vcxproj", "{BE29D23E-195A-4627-AB23-0DD5A626A80B}"
EndProject
Global
	GlobalSection(SolutionConfigurationPlatforms) = preSolution
		Debug|x64 = Debug|x64
		Debug|x86 = Debug|x86
		Release|x64 = Release|x64
		Release|x86 = Release|x86
	EndGlobalSection
	GlobalSection(ProjectConfigurationPlatforms) = postSolution
		{BE29D23E-195A-4627-AB23-0DD5A626A80B}.Debug|x64.ActiveCfg = Debug|x64
		{BE29D23E-195A-4627-AB23-0DD5A626A80B}.Debug|x64.Build.0 = Debug|x64
		{BE29D23E-195A-4627-AB23-0DD5A626A80B}.Debug|x86.ActiveCfg = Debug|Win32
		{BE29D23E-195A-4627-AB23-0DD5A626A80B}.Debug|x86.Build.0 = Debug|Win32
		{BE29D23E-195A-4627-AB23-0DD5A626A80B}.Release|x64.ActiveCfg = Release|x64
		{BE29D23E-195A-4627-AB23-0DD5A626A80B}.Release|x64.Build.0 = Release|x64
		{BE29D23E-195A-4627-AB23-0DD5A626A80B}.Release|x86.ActiveCfg = Release|Win32
		{BE29D23E-195A-4627-AB23-0DD5A626A80B}.Release|x86.Build.0 = Release|Win32
	EndGlobalSection
	GlobalSection(SolutionProperties) = preSolution
		HideSolutionNode = FALSE
	EndGlobalSection
	GlobalSection(ExtensibilityGlobals) = postSolution
		SolutionGuid = {B67B11F4-D165-4FC9-A230-5C321D3D161C}
	EndGlobalSection
EndGlobal
